
Microsoft Visual Studio Solution File, Format Version 12.00
# Visual Studio Version 17
VisualStudioVersion = 17.3.32819.101
MinimumVisualStudioVersion = 10.0.40219.1
Project("{FAE04EC0-301F-11D3-BF4B-00C04F79EFBC}") = "AppSugar", "AppSugar.csproj", "{3175CA85-6882-4367-A8BB-0305B3278B2E}"
EndProject
Global
	GlobalSection(SolutionConfigurationPlatforms) = preSolution
		Debug|Any CPU = Debug|Any CPU
		Release|Any CPU = Release|Any CPU
	EndGlobalSection
	GlobalSection(ProjectConfigurationPlatforms) = postSolution
		{3175CA85-6882-4367-A8BB-0305B3278B2E}.Debug|Any CPU.ActiveCfg = Debug|Any CPU
		{3175CA85-6882-4367-A8BB-0305B3278B2E}.Debug|Any CPU.Build.0 = Debug|Any CPU
		{3175CA85-6882-4367-A8BB-0305B3278B2E}.Release|Any CPU.ActiveCfg = Release|Any CPU
		{3175CA85-6882-4367-A8BB-0305B3278B2E}.Release|Any CPU.Build.0 = Release|Any CPU
	EndGlobalSection
	GlobalSection(SolutionProperties) = preSolution
		HideSolutionNode = FALSE
	EndGlobalSection
	GlobalSection(ExtensibilityGlobals) = postSolution
		SolutionGuid = {E1EB5288-B32F-4417-9EE7-106AF49499A8}
	EndGlobalSection
EndGlobal
